{
  "name": "Vite pro",
  "lockfileVersion": 3,
  "requires": true,
  "packages": {
    "": {
      "dependencies": {
        "@svg-maps/kenya": "^2.0.0"
      }
    },
    "node_modules/@svg-maps/kenya": {
      "version": "2.0.0",
      "resolved": "https://registry.npmjs.org/@svg-maps/kenya/-/kenya-2.0.0.tgz",
      "integrity": "sha512-tbZ5sFqSgyFimwU0m7ujdOKuq/lwKYdlzhTk5KhkmftzEG4Wn6Jf7+uIr1UGLyuUPoqRvG5aH5y7Y3afm+I7aQ==",
      "license": "CC-BY-4.0"
    }
  }
}
